// !$*UTF8*$!
{
	archiveVersion = 1;
	classes = {
	};
	objectVersion = 50;
	objects = {

/* Begin PBXBuildFile section */
		8AF9DDC549A16B3CA9843642 /* libPods-MVVMFrameTests.a in Frameworks */ = {isa = PBXBuildFile; fileRef = 7E2D680F7AC75D381E58FEC0 /* libPods-MVVMFrameTests.a */; };
		9004D1E253EE3AC82BCDCF47 /* libPods-MVVMFrameUITests.a in Frameworks */ = {isa = PBXBuildFile; fileRef = FDC2553D5598155C77E62EE9 /* libPods-MVVMFrameUITests.a */; };
		9AB84131230CD64900794CE8 /* AppDelegate.m in Sources */ = {isa = PBXBuildFile; fileRef = 9AB84130230CD64900794CE8 /* AppDelegate.m */; };
		9AB84134230CD64900794CE8 /* ViewController.m in Sources */ = {isa = PBXBuildFile; fileRef = 9AB84133230CD64900794CE8 /* ViewController.m */; };
		9AB84137230CD64900794CE8 /* Main.storyboard in Resources */ = {isa = PBXBuildFile; fileRef = 9AB84135230CD64900794CE8 /* Main.storyboard */; };
		9AB84139230CD64B00794CE8 /* Assets.xcassets in Resources */ = {isa = PBXBuildFile; fileRef = 9AB84138230CD64B00794CE8 /* Assets.xcassets */; };
		9AB8413C230CD64B00794CE8 /* LaunchScreen.storyboard in Resources */ = {isa = PBXBuildFile; fileRef = 9AB8413A230CD64B00794CE8 /* LaunchScreen.storyboard */; };
		9AB8413F230CD64B00794CE8 /* main.m in Sources */ = {isa = PBXBuildFile; fileRef = 9AB8413E230CD64B00794CE8 /* main.m */; };
		9AB84149230CD64B00794CE8 /* MVVMFrameTests.m in Sources */ = {isa = PBXBuildFile; fileRef = 9AB84148230CD64B00794CE8 /* MVVMFrameTests.m */; };
		9AB84154230CD64B00794CE8 /* MVVMFrameUITests.m in Sources */ = {isa = PBXBuildFile; fileRef = 9AB84153230CD64B00794CE8 /* MVVMFrameUITests.m */; };
		9AB8417D230D095400794CE8 /* RightViewController.m in Sources */ = {isa = PBXBuildFile; fileRef = 9AB8416C230D095400794CE8 /* RightViewController.m */; };
		9AB8417E230D095400794CE8 /* RootViewController.m in Sources */ = {isa = PBXBuildFile; fileRef = 9AB8416D230D095400794CE8 /* RootViewController.m */; };
		9AB8417F230D095400794CE8 /* LeftViewController.m in Sources */ = {isa = PBXBuildFile; fileRef = 9AB84170230D095400794CE8 /* LeftViewController.m */; };
		9AB84187230D09D200794CE8 /* CenterViewController.m in Sources */ = {isa = PBXBuildFile; fileRef = 9AB84186230D09D200794CE8 /* CenterViewController.m */; };
		9AB8418A230D251E00794CE8 /* BaseViewModel.m in Sources */ = {isa = PBXBuildFile; fileRef = 9AB84189230D251E00794CE8 /* BaseViewModel.m */; };
		9AB8418E230D254E00794CE8 /* BaseViewController.m in Sources */ = {isa = PBXBuildFile; fileRef = 9AB8418D230D254E00794CE8 /* BaseViewController.m */; };
		9AB84191230D25E600794CE8 /* LeftViewModel.m in Sources */ = {isa = PBXBuildFile; fileRef = 9AB84190230D25E600794CE8 /* LeftViewModel.m */; };
		9AB84194230D25F500794CE8 /* RightViewModel.m in Sources */ = {isa = PBXBuildFile; fileRef = 9AB84193230D25F500794CE8 /* RightViewModel.m */; };
		9AB84197230D260400794CE8 /* CenterViewModel.m in Sources */ = {isa = PBXBuildFile; fileRef = 9AB84196230D260400794CE8 /* CenterViewModel.m */; };
		9AB8419A230D261500794CE8 /* RootViewModel.m in Sources */ = {isa = PBXBuildFile; fileRef = 9AB84199230D261500794CE8 /* RootViewModel.m */; };
		9AB841A0230D35A600794CE8 /* HomeViewController.m in Sources */ = {isa = PBXBuildFile; fileRef = 9AB8419F230D35A600794CE8 /* HomeViewController.m */; };
		9AB841A7230D380B00794CE8 /* HomeViewModel.m in Sources */ = {isa = PBXBuildFile; fileRef = 9AB841A6230D380B00794CE8 /* HomeViewModel.m */; };
		EE6197D8B8339B67F5F1EED9 /* libPods-MVVMFrame.a in Frameworks */ = {isa = PBXBuildFile; fileRef = 24326D555F53EEE8BAE8F9A4 /* libPods-MVVMFrame.a */; };
/* End PBXBuildFile section */

/* Begin PBXContainerItemProxy section */
		9AB84145230CD64B00794CE8 /* PBXContainerItemProxy */ = {
			isa = PBXContainerItemProxy;
			containerPortal = 9AB84124230CD64900794CE8 /* Project object */;
			proxyType = 1;
			remoteGlobalIDString = 9AB8412B230CD64900794CE8;
			remoteInfo = MVVMFrame;
		};
		9AB84150230CD64B00794CE8 /* PBXContainerItemProxy */ = {
			isa = PBXContainerItemProxy;
			containerPortal = 9AB84124230CD64900794CE8 /* Project object */;
			proxyType = 1;
			remoteGlobalIDString = 9AB8412B230CD64900794CE8;
			remoteInfo = MVVMFrame;
		};
/* End PBXContainerItemProxy section */

/* Begin PBXFileReference section */
		0D0D12A5561071F7EA7DF22B /* Pods-MVVMFrameTests.debug.xcconfig */ = {isa = PBXFileReference; includeInIndex = 1; lastKnownFileType = text.xcconfig; name = "Pods-MVVMFrameTests.debug.xcconfig"; path = "Pods/Target Support Files/Pods-MVVMFrameTests/Pods-MVVMFrameTests.debug.xcconfig"; sourceTree = "<group>"; };
		24326D555F53EEE8BAE8F9A4 /* libPods-MVVMFrame.a */ = {isa = PBXFileReference; explicitFileType = archive.ar; includeInIndex = 0; path = "libPods-MVVMFrame.a"; sourceTree = BUILT_PRODUCTS_DIR; };
		64B9395665A7EFA476CEB790 /* Pods-MVVMFrameTests.release.xcconfig */ = {isa = PBXFileReference; includeInIndex = 1; lastKnownFileType = text.xcconfig; name = "Pods-MVVMFrameTests.release.xcconfig"; path = "Pods/Target Support Files/Pods-MVVMFrameTests/Pods-MVVMFrameTests.release.xcconfig"; sourceTree = "<group>"; };
		7E2D680F7AC75D381E58FEC0 /* libPods-MVVMFrameTests.a */ = {isa = PBXFileReference; explicitFileType = archive.ar; includeInIndex = 0; path = "libPods-MVVMFrameTests.a"; sourceTree = BUILT_PRODUCTS_DIR; };
		8D71F529BE858778DB57B1C3 /* Pods-MVVMFrameUITests.release.xcconfig */ = {isa = PBXFileReference; includeInIndex = 1; lastKnownFileType = text.xcconfig; name = "Pods-MVVMFrameUITests.release.xcconfig"; path = "Pods/Target Support Files/Pods-MVVMFrameUITests/Pods-MVVMFrameUITests.release.xcconfig"; sourceTree = "<group>"; };
		9AB8412C230CD64900794CE8 /* MVVMFrame.app */ = {isa = PBXFileReference; explicitFileType = wrapper.application; includeInIndex = 0; path = MVVMFrame.app; sourceTree = BUILT_PRODUCTS_DIR; };
		9AB8412F230CD64900794CE8 /* AppDelegate.h */ = {isa = PBXFileReference; lastKnownFileType = sourcecode.c.h; path = AppDelegate.h; sourceTree = "<group>"; };
		9AB84130230CD64900794CE8 /* AppDelegate.m */ = {isa = PBXFileReference; lastKnownFileType = sourcecode.c.objc; path = AppDelegate.m; sourceTree = "<group>"; };
		9AB84132230CD64900794CE8 /* ViewController.h */ = {isa = PBXFileReference; lastKnownFileType = sourcecode.c.h; path = ViewController.h; sourceTree = "<group>"; };
		9AB84133230CD64900794CE8 /* ViewController.m */ = {isa = PBXFileReference; lastKnownFileType = sourcecode.c.objc; path = ViewController.m; sourceTree = "<group>"; };
		9AB84136230CD64900794CE8 /* Base */ = {isa = PBXFileReference; lastKnownFileType = file.storyboard; name = Base; path = Base.lproj/Main.storyboard; sourceTree = "<group>"; };
		9AB84138230CD64B00794CE8 /* Assets.xcassets */ = {isa = PBXFileReference; lastKnownFileType = folder.assetcatalog; path = Assets.xcassets; sourceTree = "<group>"; };
		9AB8413B230CD64B00794CE8 /* Base */ = {isa = PBXFileReference; lastKnownFileType = file.storyboard; name = Base; path = Base.lproj/LaunchScreen.storyboard; sourceTree = "<group>"; };
		9AB8413D230CD64B00794CE8 /* Info.plist */ = {isa = PBXFileReference; lastKnownFileType = text.plist.xml; path = Info.plist; sourceTree = "<group>"; };
		9AB8413E230CD64B00794CE8 /* main.m */ = {isa = PBXFileReference; lastKnownFileType = sourcecode.c.objc; path = main.m; sourceTree = "<group>"; };
		9AB84144230CD64B00794CE8 /* MVVMFrameTests.xctest */ = {isa = PBXFileReference; explicitFileType = wrapper.cfbundle; includeInIndex = 0; path = MVVMFrameTests.xctest; sourceTree = BUILT_PRODUCTS_DIR; };
		9AB84148230CD64B00794CE8 /* MVVMFrameTests.m */ = {isa = PBXFileReference; lastKnownFileType = sourcecode.c.objc; path = MVVMFrameTests.m; sourceTree = "<group>"; };
		9AB8414A230CD64B00794CE8 /* Info.plist */ = {isa = PBXFileReference; lastKnownFileType = text.plist.xml; path = Info.plist; sourceTree = "<group>"; };
		9AB8414F230CD64B00794CE8 /* MVVMFrameUITests.xctest */ = {isa = PBXFileReference; explicitFileType = wrapper.cfbundle; includeInIndex = 0; path = MVVMFrameUITests.xctest; sourceTree = BUILT_PRODUCTS_DIR; };
		9AB84153230CD64B00794CE8 /* MVVMFrameUITests.m */ = {isa = PBXFileReference; lastKnownFileType = sourcecode.c.objc; path = MVVMFrameUITests.m; sourceTree = "<group>"; };
		9AB84155230CD64B00794CE8 /* Info.plist */ = {isa = PBXFileReference; lastKnownFileType = text.plist.xml; path = Info.plist; sourceTree = "<group>"; };
		9AB8416B230D095400794CE8 /* LeftViewController.h */ = {isa = PBXFileReference; fileEncoding = 4; lastKnownFileType = sourcecode.c.h; path = LeftViewController.h; sourceTree = "<group>"; };
		9AB8416C230D095400794CE8 /* RightViewController.m */ = {isa = PBXFileReference; fileEncoding = 4; lastKnownFileType = sourcecode.c.objc; path = RightViewController.m; sourceTree = "<group>"; };
		9AB8416D230D095400794CE8 /* RootViewController.m */ = {isa = PBXFileReference; fileEncoding = 4; lastKnownFileType = sourcecode.c.objc; path = RootViewController.m; sourceTree = "<group>"; };
		9AB8416F230D095400794CE8 /* RightViewController.h */ = {isa = PBXFileReference; fileEncoding = 4; lastKnownFileType = sourcecode.c.h; path = RightViewController.h; sourceTree = "<group>"; };
		9AB84170230D095400794CE8 /* LeftViewController.m */ = {isa = PBXFileReference; fileEncoding = 4; lastKnownFileType = sourcecode.c.objc; path = LeftViewController.m; sourceTree = "<group>"; };
		9AB84172230D095400794CE8 /* RootViewController.h */ = {isa = PBXFileReference; fileEncoding = 4; lastKnownFileType = sourcecode.c.h; path = RootViewController.h; sourceTree = "<group>"; };
		9AB84185230D09D200794CE8 /* CenterViewController.h */ = {isa = PBXFileReference; lastKnownFileType = sourcecode.c.h; path = CenterViewController.h; sourceTree = "<group>"; };
		9AB84186230D09D200794CE8 /* CenterViewController.m */ = {isa = PBXFileReference; lastKnownFileType = sourcecode.c.objc; path = CenterViewController.m; sourceTree = "<group>"; };
		9AB84188230D251E00794CE8 /* BaseViewModel.h */ = {isa = PBXFileReference; lastKnownFileType = sourcecode.c.h; path = BaseViewModel.h; sourceTree = "<group>"; };
		9AB84189230D251E00794CE8 /* BaseViewModel.m */ = {isa = PBXFileReference; lastKnownFileType = sourcecode.c.objc; path = BaseViewModel.m; sourceTree = "<group>"; };
		9AB8418C230D254E00794CE8 /* BaseViewController.h */ = {isa = PBXFileReference; lastKnownFileType = sourcecode.c.h; path = BaseViewController.h; sourceTree = "<group>"; };
		9AB8418D230D254E00794CE8 /* BaseViewController.m */ = {isa = PBXFileReference; lastKnownFileType = sourcecode.c.objc; path = BaseViewController.m; sourceTree = "<group>"; };
		9AB8418F230D25E600794CE8 /* LeftViewModel.h */ = {isa = PBXFileReference; lastKnownFileType = sourcecode.c.h; path = LeftViewModel.h; sourceTree = "<group>"; };
		9AB84190230D25E600794CE8 /* LeftViewModel.m */ = {isa = PBXFileReference; lastKnownFileType = sourcecode.c.objc; path = LeftViewModel.m; sourceTree = "<group>"; };
		9AB84192230D25F500794CE8 /* RightViewModel.h */ = {isa = PBXFileReference; lastKnownFileType = sourcecode.c.h; path = RightViewModel.h; sourceTree = "<group>"; };
		9AB84193230D25F500794CE8 /* RightViewModel.m */ = {isa = PBXFileReference; lastKnownFileType = sourcecode.c.objc; path = RightViewModel.m; sourceTree = "<group>"; };
		9AB84195230D260400794CE8 /* CenterViewModel.h */ = {isa = PBXFileReference; lastKnownFileType = sourcecode.c.h; path = CenterViewModel.h; sourceTree = "<group>"; };
		9AB84196230D260400794CE8 /* CenterViewModel.m */ = {isa = PBXFileReference; lastKnownFileType = sourcecode.c.objc; path = CenterViewModel.m; sourceTree = "<group>"; };
		9AB84198230D261500794CE8 /* RootViewModel.h */ = {isa = PBXFileReference; lastKnownFileType = sourcecode.c.h; path = RootViewModel.h; sourceTree = "<group>"; };
		9AB84199230D261500794CE8 /* RootViewModel.m */ = {isa = PBXFileReference; lastKnownFileType = sourcecode.c.objc; path = RootViewModel.m; sourceTree = "<group>"; };
		9AB8419B230D2AA600794CE8 /* BaseViewControllerProtocol.h */ = {isa = PBXFileReference; lastKnownFileType = sourcecode.c.h; path = BaseViewControllerProtocol.h; sourceTree = "<group>"; };
		9AB8419C230D342E00794CE8 /* BaseViewModelProtocol.h */ = {isa = PBXFileReference; lastKnownFileType = sourcecode.c.h; path = BaseViewModelProtocol.h; sourceTree = "<group>"; };
		9AB8419E230D35A600794CE8 /* HomeViewController.h */ = {isa = PBXFileReference; lastKnownFileType = sourcecode.c.h; path = HomeViewController.h; sourceTree = "<group>"; };
		9AB8419F230D35A600794CE8 /* HomeViewController.m */ = {isa = PBXFileReference; lastKnownFileType = sourcecode.c.objc; path = HomeViewController.m; sourceTree = "<group>"; };
		9AB841A5230D380B00794CE8 /* HomeViewModel.h */ = {isa = PBXFileReference; lastKnownFileType = sourcecode.c.h; path = HomeViewModel.h; sourceTree = "<group>"; };
		9AB841A6230D380B00794CE8 /* HomeViewModel.m */ = {isa = PBXFileReference; lastKnownFileType = sourcecode.c.objc; path = HomeViewModel.m; sourceTree = "<group>"; };
		B8D686A616B6054A75F1A7CC /* Pods-MVVMFrameUITests.debug.xcconfig */ = {isa = PBXFileReference; includeInIndex = 1; lastKnownFileType = text.xcconfig; name = "Pods-MVVMFrameUITests.debug.xcconfig"; path = "Pods/Target Support Files/Pods-MVVMFrameUITests/Pods-MVVMFrameUITests.debug.xcconfig"; sourceTree = "<group>"; };
		E44289F8836C6C44429D9D21 /* Pods-MVVMFrame.release.xcconfig */ = {isa = PBXFileReference; includeInIndex = 1; lastKnownFileType = text.xcconfig; name = "Pods-MVVMFrame.release.xcconfig"; path = "Pods/Target Support Files/Pods-MVVMFrame/Pods-MVVMFrame.release.xcconfig"; sourceTree = "<group>"; };
		E8CC002742F7A9DA12A3F7C0 /* Pods-MVVMFrame.debug.xcconfig */ = {isa = PBXFileReference; includeInIndex = 1; lastKnownFileType = text.xcconfig; name = "Pods-MVVMFrame.debug.xcconfig"; path = "Pods/Target Support Files/Pods-MVVMFrame/Pods-MVVMFrame.debug.xcconfig"; sourceTree = "<group>"; };
		FDC2553D5598155C77E62EE9 /* libPods-MVVMFrameUITests.a */ = {isa = PBXFileReference; explicitFileType = archive.ar; includeInIndex = 0; path = "libPods-MVVMFrameUITests.a"; sourceTree = BUILT_PRODUCTS_DIR; };
/* End PBXFileReference section */

/* Begin PBXFrameworksBuildPhase section */
		9AB84129230CD64900794CE8 /* Frameworks */ = {
			isa = PBXFrameworksBuildPhase;
			buildActionMask = 2147483647;
			files = (
				EE6197D8B8339B67F5F1EED9 /* libPods-MVVMFrame.a in Frameworks */,
			);
			runOnlyForDeploymentPostprocessing = 0;
		};
		9AB84141230CD64B00794CE8 /* Frameworks */ = {
			isa = PBXFrameworksBuildPhase;
			buildActionMask = 2147483647;
			files = (
				8AF9DDC549A16B3CA9843642 /* libPods-MVVMFrameTests.a in Frameworks */,
			);
			runOnlyForDeploymentPostprocessing = 0;
		};
		9AB8414C230CD64B00794CE8 /* Frameworks */ = {
			isa = PBXFrameworksBuildPhase;
			buildActionMask = 2147483647;
			files = (
				9004D1E253EE3AC82BCDCF47 /* libPods-MVVMFrameUITests.a in Frameworks */,
			);
			runOnlyForDeploymentPostprocessing = 0;
		};
/* End PBXFrameworksBuildPhase section */

/* Begin PBXGroup section */
		79592B86B2C64428D6768743 /* Frameworks */ = {
			isa = PBXGroup;
			children = (
				24326D555F53EEE8BAE8F9A4 /* libPods-MVVMFrame.a */,
				7E2D680F7AC75D381E58FEC0 /* libPods-MVVMFrameTests.a */,
				FDC2553D5598155C77E62EE9 /* libPods-MVVMFrameUITests.a */,
			);
			name = Frameworks;
			sourceTree = "<group>";
		};
		9AB84123230CD64900794CE8 = {
			isa = PBXGroup;
			children = (
				9AB8412E230CD64900794CE8 /* MVVMFrame */,
				9AB84147230CD64B00794CE8 /* MVVMFrameTests */,
				9AB84152230CD64B00794CE8 /* MVVMFrameUITests */,
				9AB8412D230CD64900794CE8 /* Products */,
				D127CD245F385CCACC940B94 /* Pods */,
				79592B86B2C64428D6768743 /* Frameworks */,
			);
			sourceTree = "<group>";
		};
		9AB8412D230CD64900794CE8 /* Products */ = {
			isa = PBXGroup;
			children = (
				9AB8412C230CD64900794CE8 /* MVVMFrame.app */,
				9AB84144230CD64B00794CE8 /* MVVMFrameTests.xctest */,
				9AB8414F230CD64B00794CE8 /* MVVMFrameUITests.xctest */,
			);
			name = Products;
			sourceTree = "<group>";
		};
		9AB8412E230CD64900794CE8 /* MVVMFrame */ = {
			isa = PBXGroup;
			children = (
				9AB84164230CD75200794CE8 /* Resource */,
				9AB84163230CD71F00794CE8 /* Vendors */,
				9AB84162230CD71300794CE8 /* Class */,
				9AB84161230CD6F500794CE8 /* AppDelegate */,
				9AB84132230CD64900794CE8 /* ViewController.h */,
				9AB84133230CD64900794CE8 /* ViewController.m */,
				9AB84135230CD64900794CE8 /* Main.storyboard */,
				9AB84138230CD64B00794CE8 /* Assets.xcassets */,
				9AB8413A230CD64B00794CE8 /* LaunchScreen.storyboard */,
				9AB8413D230CD64B00794CE8 /* Info.plist */,
				9AB8413E230CD64B00794CE8 /* main.m */,
			);
			path = MVVMFrame;
			sourceTree = "<group>";
		};
		9AB84147230CD64B00794CE8 /* MVVMFrameTests */ = {
			isa = PBXGroup;
			children = (
				9AB84148230CD64B00794CE8 /* MVVMFrameTests.m */,
				9AB8414A230CD64B00794CE8 /* Info.plist */,
			);
			path = MVVMFrameTests;
			sourceTree = "<group>";
		};
		9AB84152230CD64B00794CE8 /* MVVMFrameUITests */ = {
			isa = PBXGroup;
			children = (
				9AB84153230CD64B00794CE8 /* MVVMFrameUITests.m */,
				9AB84155230CD64B00794CE8 /* Info.plist */,
			);
			path = MVVMFrameUITests;
			sourceTree = "<group>";
		};
		9AB84161230CD6F500794CE8 /* AppDelegate */ = {
			isa = PBXGroup;
			children = (
				9AB8412F230CD64900794CE8 /* AppDelegate.h */,
				9AB84130230CD64900794CE8 /* AppDelegate.m */,
			);
			path = AppDelegate;
			sourceTree = "<group>";
		};
		9AB84162230CD71300794CE8 /* Class */ = {
			isa = PBXGroup;
			children = (
				9AB8419D230D358300794CE8 /* Home */,
				9AB8418B230D252700794CE8 /* Base */,
				9AB84165230D08EC00794CE8 /* General */,
			);
			path = Class;
			sourceTree = "<group>";
		};
		9AB84163230CD71F00794CE8 /* Vendors */ = {
			isa = PBXGroup;
			children = (
			);
			path = Vendors;
			sourceTree = "<group>";
		};
		9AB84164230CD75200794CE8 /* Resource */ = {
			isa = PBXGroup;
			children = (
			);
			path = Resource;
			sourceTree = "<group>";
		};
		9AB84165230D08EC00794CE8 /* General */ = {
			isa = PBXGroup;
			children = (
				9AB84166230D095400794CE8 /* Root */,
			);
			path = General;
			sourceTree = "<group>";
		};
		9AB84166230D095400794CE8 /* Root */ = {
			isa = PBXGroup;
			children = (
				9AB84167230D095400794CE8 /* ViewModels */,
				9AB8416A230D095400794CE8 /* Controllers */,
				9AB84173230D095400794CE8 /* Views */,
			);
			path = Root;
			sourceTree = "<group>";
		};
		9AB84167230D095400794CE8 /* ViewModels */ = {
			isa = PBXGroup;
			children = (
				9AB8418F230D25E600794CE8 /* LeftViewModel.h */,
				9AB84190230D25E600794CE8 /* LeftViewModel.m */,
				9AB84192230D25F500794CE8 /* RightViewModel.h */,
				9AB84193230D25F500794CE8 /* RightViewModel.m */,
				9AB84195230D260400794CE8 /* CenterViewModel.h */,
				9AB84196230D260400794CE8 /* CenterViewModel.m */,
				9AB84198230D261500794CE8 /* RootViewModel.h */,
				9AB84199230D261500794CE8 /* RootViewModel.m */,
			);
			path = ViewModels;
			sourceTree = "<group>";
		};
		9AB8416A230D095400794CE8 /* Controllers */ = {
			isa = PBXGroup;
			children = (
				9AB8416B230D095400794CE8 /* LeftViewController.h */,
				9AB84170230D095400794CE8 /* LeftViewController.m */,
				9AB8416F230D095400794CE8 /* RightViewController.h */,
				9AB8416C230D095400794CE8 /* RightViewController.m */,
				9AB84185230D09D200794CE8 /* CenterViewController.h */,
				9AB84186230D09D200794CE8 /* CenterViewController.m */,
				9AB84172230D095400794CE8 /* RootViewController.h */,
				9AB8416D230D095400794CE8 /* RootViewController.m */,
			);
			path = Controllers;
			sourceTree = "<group>";
		};
		9AB84173230D095400794CE8 /* Views */ = {
			isa = PBXGroup;
			children = (
			);
			path = Views;
			sourceTree = "<group>";
		};
		9AB8418B230D252700794CE8 /* Base */ = {
			isa = PBXGroup;
			children = (
				9AB84188230D251E00794CE8 /* BaseViewModel.h */,
				9AB84189230D251E00794CE8 /* BaseViewModel.m */,
				9AB8418C230D254E00794CE8 /* BaseViewController.h */,
				9AB8418D230D254E00794CE8 /* BaseViewController.m */,
				9AB8419B230D2AA600794CE8 /* BaseViewControllerProtocol.h */,
				9AB8419C230D342E00794CE8 /* BaseViewModelProtocol.h */,
			);
			path = Base;
			sourceTree = "<group>";
		};
		9AB8419D230D358300794CE8 /* Home */ = {
			isa = PBXGroup;
			children = (
				9AB841A4230D37DC00794CE8 /* ViewModels */,
				9AB841A3230D37D400794CE8 /* Controllers */,
				9AB841A2230D37CE00794CE8 /* Views */,
				9AB841A1230D37BA00794CE8 /* Models */,
			);
			path = Home;
			sourceTree = "<group>";
		};
		9AB841A1230D37BA00794CE8 /* Models */ = {
			isa = PBXGroup;
			children = (
			);
			path = Models;
			sourceTree = "<group>";
		};
		9AB841A2230D37CE00794CE8 /* Views */ = {
			isa = PBXGroup;
			children = (
			);
			path = Views;
			sourceTree = "<group>";
		};
		9AB841A3230D37D400794CE8 /* Controllers */ = {
			isa = PBXGroup;
			children = (
				9AB8419E230D35A600794CE8 /* HomeViewController.h */,
				9AB8419F230D35A600794CE8 /* HomeViewController.m */,
			);
			path = Controllers;
			sourceTree = "<group>";
		};
		9AB841A4230D37DC00794CE8 /* ViewModels */ = {
			isa = PBXGroup;
			children = (
				9AB841A5230D380B00794CE8 /* HomeViewModel.h */,
				9AB841A6230D380B00794CE8 /* HomeViewModel.m */,
			);
			path = ViewModels;
			sourceTree = "<group>";
		};
		D127CD245F385CCACC940B94 /* Pods */ = {
			isa = PBXGroup;
			children = (
				E8CC002742F7A9DA12A3F7C0 /* Pods-MVVMFrame.debug.xcconfig */,
				E44289F8836C6C44429D9D21 /* Pods-MVVMFrame.release.xcconfig */,
				0D0D12A5561071F7EA7DF22B /* Pods-MVVMFrameTests.debug.xcconfig */,
				64B9395665A7EFA476CEB790 /* Pods-MVVMFrameTests.release.xcconfig */,
				B8D686A616B6054A75F1A7CC /* Pods-MVVMFrameUITests.debug.xcconfig */,
				8D71F529BE858778DB57B1C3 /* Pods-MVVMFrameUITests.release.xcconfig */,
			);
			name = Pods;
			sourceTree = "<group>";
		};
/* End PBXGroup section */

/* Begin PBXNativeTarget section */
		9AB8412B230CD64900794CE8 /* MVVMFrame */ = {
			isa = PBXNativeTarget;
			buildConfigurationList = 9AB84158230CD64B00794CE8 /* Build configuration list for PBXNativeTarget "MVVMFrame" */;
			buildPhases = (
				56E4CBF9AFD6059474DF5216 /* [CP] Check Pods Manifest.lock */,
				9AB84128230CD64900794CE8 /* Sources */,
				9AB84129230CD64900794CE8 /* Frameworks */,
				9AB8412A230CD64900794CE8 /* Resources */,
			);
			buildRules = (
			);
			dependencies = (
			);
			name = MVVMFrame;
			productName = MVVMFrame;
			productReference = 9AB8412C230CD64900794CE8 /* MVVMFrame.app */;
			productType = "com.apple.product-type.application";
		};
		9AB84143230CD64B00794CE8 /* MVVMFrameTests */ = {
			isa = PBXNativeTarget;
			buildConfigurationList = 9AB8415B230CD64B00794CE8 /* Build configuration list for PBXNativeTarget "MVVMFrameTests" */;
			buildPhases = (
				E6B8FF102FDF146B0B3F80C4 /* [CP] Check Pods Manifest.lock */,
				9AB84140230CD64B00794CE8 /* Sources */,
				9AB84141230CD64B00794CE8 /* Frameworks */,
				9AB84142230CD64B00794CE8 /* Resources */,
			);
			buildRules = (
			);
			dependencies = (
				9AB84146230CD64B00794CE8 /* PBXTargetDependency */,
			);
			name = MVVMFrameTests;
			productName = MVVMFrameTests;
			productReference = 9AB84144230CD64B00794CE8 /* MVVMFrameTests.xctest */;
			productType = "com.apple.product-type.bundle.unit-test";
		};
		9AB8414E230CD64B00794CE8 /* MVVMFrameUITests */ = {
			isa = PBXNativeTarget;
			buildConfigurationList = 9AB8415E230CD64B00794CE8 /* Build configuration list for PBXNativeTarget "MVVMFrameUITests" */;
			buildPhases = (
				97220D1990E24D6883E3EFFB /* [CP] Check Pods Manifest.lock */,
				9AB8414B230CD64B00794CE8 /* Sources */,
				9AB8414C230CD64B00794CE8 /* Frameworks */,
				9AB8414D230CD64B00794CE8 /* Resources */,
			);
			buildRules = (
			);
			dependencies = (
				9AB84151230CD64B00794CE8 /* PBXTargetDependency */,
			);
			name = MVVMFrameUITests;
			productName = MVVMFrameUITests;
			productReference = 9AB8414F230CD64B00794CE8 /* MVVMFrameUITests.xctest */;
			productType = "com.apple.product-type.bundle.ui-testing";
		};
/* End PBXNativeTarget section */

/* Begin PBXProject section */
		9AB84124230CD64900794CE8 /* Project object */ = {
			isa = PBXProject;
			attributes = {
				LastUpgradeCheck = 1020;
				ORGANIZATIONNAME = Macmini;
				TargetAttributes = {
					9AB8412B230CD64900794CE8 = {
						CreatedOnToolsVersion = 10.2.1;
					};
					9AB84143230CD64B00794CE8 = {
						CreatedOnToolsVersion = 10.2.1;
						TestTargetID = 9AB8412B230CD64900794CE8;
					};
					9AB8414E230CD64B00794CE8 = {
						CreatedOnToolsVersion = 10.2.1;
						TestTargetID = 9AB8412B230CD64900794CE8;
					};
				};
			};
			buildConfigurationList = 9AB84127230CD64900794CE8 /* Build configuration list for PBXProject "MVVMFrame" */;
			compatibilityVersion = "Xcode 9.3";
			developmentRegion = en;
			hasScannedForEncodings = 0;
			knownRegions = (
				en,
				Base,
			);
			mainGroup = 9AB84123230CD64900794CE8;
			productRefGroup = 9AB8412D230CD64900794CE8 /* Products */;
			projectDirPath = "";
			projectRoot = "";
			targets = (
				9AB8412B230CD64900794CE8 /* MVVMFrame */,
				9AB84143230CD64B00794CE8 /* MVVMFrameTests */,
				9AB8414E230CD64B00794CE8 /* MVVMFrameUITests */,
			);
		};
/* End PBXProject section */

/* Begin PBXResourcesBuildPhase section */
		9AB8412A230CD64900794CE8 /* Resources */ = {
			isa = PBXResourcesBuildPhase;
			buildActionMask = 2147483647;
			files = (
				9AB8413C230CD64B00794CE8 /* LaunchScreen.storyboard in Resources */,
				9AB84139230CD64B00794CE8 /* Assets.xcassets in Resources */,
				9AB84137230CD64900794CE8 /* Main.storyboard in Resources */,
			);
			runOnlyForDeploymentPostprocessing = 0;
		};
		9AB84142230CD64B00794CE8 /* Resources */ = {
			isa = PBXResourcesBuildPhase;
			buildActionMask = 2147483647;
			files = (
			);
			runOnlyForDeploymentPostprocessing = 0;
		};
		9AB8414D230CD64B00794CE8 /* Resources */ = {
			isa = PBXResourcesBuildPhase;
			buildActionMask = 2147483647;
			files = (
			);
			runOnlyForDeploymentPostprocessing = 0;
		};
/* End PBXResourcesBuildPhase section */

/* Begin PBXShellScriptBuildPhase section */
		56E4CBF9AFD6059474DF5216 /* [CP] Check Pods Manifest.lock */ = {
			isa = PBXShellScriptBuildPhase;
			buildActionMask = 2147483647;
			files = (
			);
			inputFileListPaths = (
			);
			inputPaths = (
				"${PODS_PODFILE_DIR_PATH}/Podfile.lock",
				"${PODS_ROOT}/Manifest.lock",
			);
			name = "[CP] Check Pods Manifest.lock";
			outputFileListPaths = (
			);
			outputPaths = (
				"$(DERIVED_FILE_DIR)/Pods-MVVMFrame-checkManifestLockResult.txt",
			);
			runOnlyForDeploymentPostprocessing = 0;
			shellPath = /bin/sh;
			shellScript = "diff \"${PODS_PODFILE_DIR_PATH}/Podfile.lock\" \"${PODS_ROOT}/Manifest.lock\" > /dev/null\nif [ $? != 0 ] ; then\n    # print error to STDERR\n    echo \"error: The sandbox is not in sync with the Podfile.lock. Run 'pod install' or update your CocoaPods installation.\" >&2\n    exit 1\nfi\n# This output is used by Xcode 'outputs' to avoid re-running this script phase.\necho \"SUCCESS\" > \"${SCRIPT_OUTPUT_FILE_0}\"\n";
			showEnvVarsInLog = 0;
		};
		97220D1990E24D6883E3EFFB /* [CP] Check Pods Manifest.lock */ = {
			isa = PBXShellScriptBuildPhase;
			buildActionMask = 2147483647;
			files = (
			);
			inputFileListPaths = (
			);
			inputPaths = (
				"${PODS_PODFILE_DIR_PATH}/Podfile.lock",
				"${PODS_ROOT}/Manifest.lock",
			);
			name = "[CP] Check Pods Manifest.lock";
			outputFileListPaths = (
			);
			outputPaths = (
				"$(DERIVED_FILE_DIR)/Pods-MVVMFrameUITests-checkManifestLockResult.txt",
			);
			runOnlyForDeploymentPostprocessing = 0;
			shellPath = /bin/sh;
			shellScript = "diff \"${PODS_PODFILE_DIR_PATH}/Podfile.lock\" \"${PODS_ROOT}/Manifest.lock\" > /dev/null\nif [ $? != 0 ] ; then\n    # print error to STDERR\n    echo \"error: The sandbox is not in sync with the Podfile.lock. Run 'pod install' or update your CocoaPods installation.\" >&2\n    exit 1\nfi\n# This output is used by Xcode 'outputs' to avoid re-running this script phase.\necho \"SUCCESS\" > \"${SCRIPT_OUTPUT_FILE_0}\"\n";
			showEnvVarsInLog = 0;
		};
		E6B8FF102FDF146B0B3F80C4 /* [CP] Check Pods Manifest.lock */ = {
			isa = PBXShellScriptBuildPhase;
			buildActionMask = 2147483647;
			files = (
			);
			inputFileListPaths = (
			);
			inputPaths = (
				"${PODS_PODFILE_DIR_PATH}/Podfile.lock",
				"${PODS_ROOT}/Manifest.lock",
			);
			name = "[CP] Check Pods Manifest.lock";
			outputFileListPaths = (
			);
			outputPaths = (
				"$(DERIVED_FILE_DIR)/Pods-MVVMFrameTests-checkManifestLockResult.txt",
			);
			runOnlyForDeploymentPostprocessing = 0;
			shellPath = /bin/sh;
			shellScript = "diff \"${PODS_PODFILE_DIR_PATH}/Podfile.lock\" \"${PODS_ROOT}/Manifest.lock\" > /dev/null\nif [ $? != 0 ] ; then\n    # print error to STDERR\n    echo \"error: The sandbox is not in sync with the Podfile.lock. Run 'pod install' or update your CocoaPods installation.\" >&2\n    exit 1\nfi\n# This output is used by Xcode 'outputs' to avoid re-running this script phase.\necho \"SUCCESS\" > \"${SCRIPT_OUTPUT_FILE_0}\"\n";
			showEnvVarsInLog = 0;
		};
/* End PBXShellScriptBuildPhase section */

/* Begin PBXSourcesBuildPhase section */
		9AB84128230CD64900794CE8 /* Sources */ = {
			isa = PBXSourcesBuildPhase;
			buildActionMask = 2147483647;
			files = (
				9AB8417D230D095400794CE8 /* RightViewController.m in Sources */,
				9AB8418E230D254E00794CE8 /* BaseViewController.m in Sources */,
				9AB8418A230D251E00794CE8 /* BaseViewModel.m in Sources */,
				9AB841A7230D380B00794CE8 /* HomeViewModel.m in Sources */,
				9AB8417E230D095400794CE8 /* RootViewController.m in Sources */,
				9AB84134230CD64900794CE8 /* ViewController.m in Sources */,
				9AB841A0230D35A600794CE8 /* HomeViewController.m in Sources */,
				9AB84197230D260400794CE8 /* CenterViewModel.m in Sources */,
				9AB84194230D25F500794CE8 /* RightViewModel.m in Sources */,
				9AB84191230D25E600794CE8 /* LeftViewModel.m in Sources */,
				9AB8417F230D095400794CE8 /* LeftViewController.m in Sources */,
				9AB84187230D09D200794CE8 /* CenterViewController.m in Sources */,
				9AB8413F230CD64B00794CE8 /* main.m in Sources */,
				9AB8419A230D261500794CE8 /* RootViewModel.m in Sources */,
				9AB84131230CD64900794CE8 /* AppDelegate.m in Sources */,
			);
			runOnlyForDeploymentPostprocessing = 0;
		};
		9AB84140230CD64B00794CE8 /* Sources */ = {
			isa = PBXSourcesBuildPhase;
			buildActionMask = 2147483647;
			files = (
				9AB84149230CD64B00794CE8 /* MVVMFrameTests.m in Sources */,
			);
			runOnlyForDeploymentPostprocessing = 0;
		};
		9AB8414B230CD64B00794CE8 /* Sources */ = {
			isa = PBXSourcesBuildPhase;
			buildActionMask = 2147483647;
			files = (
				9AB84154230CD64B00794CE8 /* MVVMFrameUITests.m in Sources */,
			);
			runOnlyForDeploymentPostprocessing = 0;
		};
/* End PBXSourcesBuildPhase section */

/* Begin PBXTargetDependency section */
		9AB84146230CD64B00794CE8 /* PBXTargetDependency */ = {
			isa = PBXTargetDependency;
			target = 9AB8412B230CD64900794CE8 /* MVVMFrame */;
			targetProxy = 9AB84145230CD64B00794CE8 /* PBXContainerItemProxy */;
		};
		9AB84151230CD64B00794CE8 /* PBXTargetDependency */ = {
			isa = PBXTargetDependency;
			target = 9AB8412B230CD64900794CE8 /* MVVMFrame */;
			targetProxy = 9AB84150230CD64B00794CE8 /* PBXContainerItemProxy */;
		};
/* End PBXTargetDependency section */

/* Begin PBXVariantGroup section */
		9AB84135230CD64900794CE8 /* Main.storyboard */ = {
			isa = PBXVariantGroup;
			children = (
				9AB84136230CD64900794CE8 /* Base */,
			);
			name = Main.storyboard;
			sourceTree = "<group>";
		};
		9AB8413A230CD64B00794CE8 /* LaunchScreen.storyboard */ = {
			isa = PBXVariantGroup;
			children = (
				9AB8413B230CD64B00794CE8 /* Base */,
			);
			name = LaunchScreen.storyboard;
			sourceTree = "<group>";
		};
/* End PBXVariantGroup section */

/* Begin XCBuildConfiguration section */
		9AB84156230CD64B00794CE8 /* Debug */ = {
			isa = XCBuildConfiguration;
			buildSettings = {
				ALWAYS_SEARCH_USER_PATHS = NO;
				CLANG_ANALYZER_NONNULL = YES;
				CLANG_ANALYZER_NUMBER_OBJECT_CONVERSION = YES_AGGRESSIVE;
				CLANG_CXX_LANGUAGE_STANDARD = "gnu++14";
				CLANG_CXX_LIBRARY = "libc++";
				CLANG_ENABLE_MODULES = YES;
				CLANG_ENABLE_OBJC_ARC = YES;
				CLANG_ENABLE_OBJC_WEAK = YES;
				CLANG_WARN_BLOCK_CAPTURE_AUTORELEASING = YES;
				CLANG_WARN_BOOL_CONVERSION = YES;
				CLANG_WARN_COMMA = YES;
				CLANG_WARN_CONSTANT_CONVERSION = YES;
				CLANG_WARN_DEPRECATED_OBJC_IMPLEMENTATIONS = YES;
				CLANG_WARN_DIRECT_OBJC_ISA_USAGE = YES_ERROR;
				CLANG_WARN_DOCUMENTATION_COMMENTS = YES;
				CLANG_WARN_EMPTY_BODY = YES;
				CLANG_WARN_ENUM_CONVERSION = YES;
				CLANG_WARN_INFINITE_RECURSION = YES;
				CLANG_WARN_INT_CONVERSION = YES;
				CLANG_WARN_NON_LITERAL_NULL_CONVERSION = YES;
				CLANG_WARN_OBJC_IMPLICIT_RETAIN_SELF = YES;
				CLANG_WARN_OBJC_LITERAL_CONVERSION = YES;
				CLANG_WARN_OBJC_ROOT_CLASS = YES_ERROR;
				CLANG_WARN_RANGE_LOOP_ANALYSIS = YES;
				CLANG_WARN_STRICT_PROTOTYPES = YES;
				CLANG_WARN_SUSPICIOUS_MOVE = YES;
				CLANG_WARN_UNGUARDED_AVAILABILITY = YES_AGGRESSIVE;
				CLANG_WARN_UNREACHABLE_CODE = YES;
				CLANG_WARN__DUPLICATE_METHOD_MATCH = YES;
				CODE_SIGN_IDENTITY = "iPhone Developer";
				COPY_PHASE_STRIP = NO;
				DEBUG_INFORMATION_FORMAT = dwarf;
				ENABLE_STRICT_OBJC_MSGSEND = YES;
				ENABLE_TESTABILITY = YES;
				GCC_C_LANGUAGE_STANDARD = gnu11;
				GCC_DYNAMIC_NO_PIC = NO;
				GCC_NO_COMMON_BLOCKS = YES;
				GCC_OPTIMIZATION_LEVEL = 0;
				GCC_PREPROCESSOR_DEFINITIONS = (
					"DEBUG=1",
					"$(inherited)",
				);
				GCC_WARN_64_TO_32_BIT_CONVERSION = YES;
				GCC_WARN_ABOUT_RETURN_TYPE = YES_ERROR;
				GCC_WARN_UNDECLARED_SELECTOR = YES;
				GCC_WARN_UNINITIALIZED_AUTOS = YES_AGGRESSIVE;
				GCC_WARN_UNUSED_FUNCTION = YES;
				GCC_WARN_UNUSED_VARIABLE = YES;
				IPHONEOS_DEPLOYMENT_TARGET = 12.2;
				MTL_ENABLE_DEBUG_INFO = INCLUDE_SOURCE;
				MTL_FAST_MATH = YES;
				ONLY_ACTIVE_ARCH = YES;
				SDKROOT = iphoneos;
			};
			name = Debug;
		};
		9AB84157230CD64B00794CE8 /* Release */ = {
			isa = XCBuildConfiguration;
			buildSettings = {
				ALWAYS_SEARCH_USER_PATHS = NO;
				CLANG_ANALYZER_NONNULL = YES;
				CLANG_ANALYZER_NUMBER_OBJECT_CONVERSION = YES_AGGRESSIVE;
				CLANG_CXX_LANGUAGE_STANDARD = "gnu++14";
				CLANG_CXX_LIBRARY = "libc++";
				CLANG_ENABLE_MODULES = YES;
				CLANG_ENABLE_OBJC_ARC = YES;
				CLANG_ENABLE_OBJC_WEAK = YES;
				CLANG_WARN_BLOCK_CAPTURE_AUTORELEASING = YES;
				CLANG_WARN_BOOL_CONVERSION = YES;
				CLANG_WARN_COMMA = YES;
				CLANG_WARN_CONSTANT_CONVERSION = YES;
				CLANG_WARN_DEPRECATED_OBJC_IMPLEMENTATIONS = YES;
				CLANG_WARN_DIRECT_OBJC_ISA_USAGE = YES_ERROR;
				CLANG_WARN_DOCUMENTATION_COMMENTS = YES;
				CLANG_WARN_EMPTY_BODY = YES;
				CLANG_WARN_ENUM_CONVERSION = YES;
				CLANG_WARN_INFINITE_RECURSION = YES;
				CLANG_WARN_INT_CONVERSION = YES;
				CLANG_WARN_NON_LITERAL_NULL_CONVERSION = YES;
				CLANG_WARN_OBJC_IMPLICIT_RETAIN_SELF = YES;
				CLANG_WARN_OBJC_LITERAL_CONVERSION = YES;
				CLANG_WARN_OBJC_ROOT_CLASS = YES_ERROR;
				CLANG_WARN_RANGE_LOOP_ANALYSIS = YES;
				CLANG_WARN_STRICT_PROTOTYPES = YES;
				CLANG_WARN_SUSPICIOUS_MOVE = YES;
				CLANG_WARN_UNGUARDED_AVAILABILITY = YES_AGGRESSIVE;
				CLANG_WARN_UNREACHABLE_CODE = YES;
				CLANG_WARN__DUPLICATE_METHOD_MATCH = YES;
				CODE_SIGN_IDENTITY = "iPhone Developer";
				COPY_PHASE_STRIP = NO;
				DEBUG_INFORMATION_FORMAT = "dwarf-with-dsym";
				ENABLE_NS_ASSERTIONS = NO;
				ENABLE_STRICT_OBJC_MSGSEND = YES;
				GCC_C_LANGUAGE_STANDARD = gnu11;
				GCC_NO_COMMON_BLOCKS = YES;
				GCC_WARN_64_TO_32_BIT_CONVERSION = YES;
				GCC_WARN_ABOUT_RETURN_TYPE = YES_ERROR;
				GCC_WARN_UNDECLARED_SELECTOR = YES;
				GCC_WARN_UNINITIALIZED_AUTOS = YES_AGGRESSIVE;
				GCC_WARN_UNUSED_FUNCTION = YES;
				GCC_WARN_UNUSED_VARIABLE = YES;
				IPHONEOS_DEPLOYMENT_TARGET = 12.2;
				MTL_ENABLE_DEBUG_INFO = NO;
				MTL_FAST_MATH = YES;
				SDKROOT = iphoneos;
				VALIDATE_PRODUCT = YES;
			};
			name = Release;
		};
		9AB84159230CD64B00794CE8 /* Debug */ = {
			isa = XCBuildConfiguration;
			baseConfigurationReference = E8CC002742F7A9DA12A3F7C0 /* Pods-MVVMFrame.debug.xcconfig */;
			buildSettings = {
				ASSETCATALOG_COMPILER_APPICON_NAME = AppIcon;
				CODE_SIGN_STYLE = Automatic;
				DEVELOPMENT_TEAM = 5MTCW89VZ6;
				INFOPLIST_FILE = MVVMFrame/Info.plist;
				IPHONEOS_DEPLOYMENT_TARGET = 8.0;
				LD_RUNPATH_SEARCH_PATHS = (
					"$(inherited)",
					"@executable_path/Frameworks",
				);
				PRODUCT_BUNDLE_IDENTIFIER = wdy.MVVMFrame;
				PRODUCT_NAME = "$(TARGET_NAME)";
				TARGETED_DEVICE_FAMILY = "1,2";
			};
			name = Debug;
		};
		9AB8415A230CD64B00794CE8 /* Release */ = {
			isa = XCBuildConfiguration;
			baseConfigurationReference = E44289F8836C6C44429D9D21 /* Pods-MVVMFrame.release.xcconfig */;
			buildSettings = {
				ASSETCATALOG_COMPILER_APPICON_NAME = AppIcon;
				CODE_SIGN_STYLE = Automatic;
				DEVELOPMENT_TEAM = 5MTCW89VZ6;
				INFOPLIST_FILE = MVVMFrame/Info.plist;
				IPHONEOS_DEPLOYMENT_TARGET = 8.0;
				LD_RUNPATH_SEARCH_PATHS = (
					"$(inherited)",
					"@executable_path/Frameworks",
				);
				PRODUCT_BUNDLE_IDENTIFIER = wdy.MVVMFrame;
				PRODUCT_NAME = "$(TARGET_NAME)";
				TARGETED_DEVICE_FAMILY = "1,2";
			};
			name = Release;
		};
		9AB8415C230CD64B00794CE8 /* Debug */ = {
			isa = XCBuildConfiguration;
			baseConfigurationReference = 0D0D12A5561071F7EA7DF22B /* Pods-MVVMFrameTests.debug.xcconfig */;
			buildSettings = {
				BUNDLE_LOADER = "$(TEST_HOST)";
				CODE_SIGN_STYLE = Automatic;
				DEVELOPMENT_TEAM = UKN88ZK5LF;
				INFOPLIST_FILE = MVVMFrameTests/Info.plist;
				LD_RUNPATH_SEARCH_PATHS = (
					"$(inherited)",
					"@executable_path/Frameworks",
					"@loader_path/Frameworks",
				);
				PRODUCT_BUNDLE_IDENTIFIER = wdy.MVVMFrameTests;
				PRODUCT_NAME = "$(TARGET_NAME)";
				TARGETED_DEVICE_FAMILY = "1,2";
				TEST_HOST = "$(BUILT_PRODUCTS_DIR)/MVVMFrame.app/MVVMFrame";
			};
			name = Debug;
		};
		9AB8415D230CD64B00794CE8 /* Release */ = {
			isa = XCBuildConfiguration;
			baseConfigurationReference = 64B9395665A7EFA476CEB790 /* Pods-MVVMFrameTests.release.xcconfig */;
			buildSettings = {
				BUNDLE_LOADER = "$(TEST_HOST)";
				CODE_SIGN_STYLE = Automatic;
				DEVELOPMENT_TEAM = UKN88ZK5LF;
				INFOPLIST_FILE = MVVMFrameTests/Info.plist;
				LD_RUNPATH_SEARCH_PATHS = (
					"$(inherited)",
					"@executable_path/Frameworks",
					"@loader_path/Frameworks",
				);
				PRODUCT_BUNDLE_IDENTIFIER = wdy.MVVMFrameTests;
				PRODUCT_NAME = "$(TARGET_NAME)";
				TARGETED_DEVICE_FAMILY = "1,2";
				TEST_HOST = "$(BUILT_PRODUCTS_DIR)/MVVMFrame.app/MVVMFrame";
			};
			name = Release;
		};
		9AB8415F230CD64B00794CE8 /* Debug */ = {
			isa = XCBuildConfiguration;
			baseConfigurationReference = B8D686A616B6054A75F1A7CC /* Pods-MVVMFrameUITests.debug.xcconfig */;
			buildSettings = {
				CODE_SIGN_STYLE = Automatic;
				DEVELOPMENT_TEAM = UKN88ZK5LF;
				INFOPLIST_FILE = MVVMFrameUITests/Info.plist;
				LD_RUNPATH_SEARCH_PATHS = (
					"$(inherited)",
					"@executable_path/Frameworks",
					"@loader_path/Frameworks",
				);
				PRODUCT_BUNDLE_IDENTIFIER = wdy.MVVMFrameUITests;
				PRODUCT_NAME = "$(TARGET_NAME)";
				TARGETED_DEVICE_FAMILY = "1,2";
				TEST_TARGET_NAME = MVVMFrame;
			};
			name = Debug;
		};
		9AB84160230CD64B00794CE8 /* Release */ = {
			isa = XCBuildConfiguration;
			baseConfigurationReference = 8D71F529BE858778DB57B1C3 /* Pods-MVVMFrameUITests.release.xcconfig */;
			buildSettings = {
				CODE_SIGN_STYLE = Automatic;
				DEVELOPMENT_TEAM = UKN88ZK5LF;
				INFOPLIST_FILE = MVVMFrameUITests/Info.plist;
				LD_RUNPATH_SEARCH_PATHS = (
					"$(inherited)",
					"@executable_path/Frameworks",
					"@loader_path/Frameworks",
				);
				PRODUCT_BUNDLE_IDENTIFIER = wdy.MVVMFrameUITests;
				PRODUCT_NAME = "$(TARGET_NAME)";
				TARGETED_DEVICE_FAMILY = "1,2";
				TEST_TARGET_NAME = MVVMFrame;
			};
			name = Release;
		};
/* End XCBuildConfiguration section */

/* Begin XCConfigurationList section */
		9AB84127230CD64900794CE8 /* Build configuration list for PBXProject "MVVMFrame" */ = {
			isa = XCConfigurationList;
			buildConfigurations = (
				9AB84156230CD64B00794CE8 /* Debug */,
				9AB84157230CD64B00794CE8 /* Release */,
			);
			defaultConfigurationIsVisible = 0;
			defaultConfigurationName = Release;
		};
		9AB84158230CD64B00794CE8 /* Build configuration list for PBXNativeTarget "MVVMFrame" */ = {
			isa = XCConfigurationList;
			buildConfigurations = (
				9AB84159230CD64B00794CE8 /* Debug */,
				9AB8415A230CD64B00794CE8 /* Release */,
			);
			defaultConfigurationIsVisible = 0;
			defaultConfigurationName = Release;
		};
		9AB8415B230CD64B00794CE8 /* Build configuration list for PBXNativeTarget "MVVMFrameTests" */ = {
			isa = XCConfigurationList;
			buildConfigurations = (
				9AB8415C230CD64B00794CE8 /* Debug */,
				9AB8415D230CD64B00794CE8 /* Release */,
			);
			defaultConfigurationIsVisible = 0;
			defaultConfigurationName = Release;
		};
		9AB8415E230CD64B00794CE8 /* Build configuration list for PBXNativeTarget "MVVMFrameUITests" */ = {
			isa = XCConfigurationList;
			buildConfigurations = (
				9AB8415F230CD64B00794CE8 /* Debug */,
				9AB84160230CD64B00794CE8 /* Release */,
			);
			defaultConfigurationIsVisible = 0;
			defaultConfigurationName = Release;
		};
/* End XCConfigurationList section */
	};
	rootObject = 9AB84124230CD64900794CE8 /* Project object */;
}
